
Microsoft Visual Studio Solution File, Format Version 12.00
# Visual Studio Version 16
VisualStudioVersion = 16.0.28922.388
MinimumVisualStudioVersion = 10.0.40219.1
Project("{9A19103F-16F7-4668-BE54-9A1E7A4F7556}") = "system_sales_and_shopping", "sistem-sales-and-shopping\system_sales_and_shopping.csproj", "{0364EC44-34D5-4C09-89FE-091945EA62F1}"
EndProject
Global
	GlobalSection(SolutionConfigurationPlatforms) = preSolution
		Debug|Any CPU = Debug|Any CPU
		Release|Any CPU = Release|Any CPU
	EndGlobalSection
	GlobalSection(ProjectConfigurationPlatforms) = postSolution
		{0364EC44-34D5-4C09-89FE-091945EA62F1}.Debug|Any CPU.ActiveCfg = Debug|Any CPU
		{0364EC44-34D5-4C09-89FE-091945EA62F1}.Debug|Any CPU.Build.0 = Debug|Any CPU
		{0364EC44-34D5-4C09-89FE-091945EA62F1}.Release|Any CPU.ActiveCfg = Release|Any CPU
		{0364EC44-34D5-4C09-89FE-091945EA62F1}.Release|Any CPU.Build.0 = Release|Any CPU
	EndGlobalSection
	GlobalSection(SolutionProperties) = preSolution
		HideSolutionNode = FALSE
	EndGlobalSection
	GlobalSection(ExtensibilityGlobals) = postSolution
		SolutionGuid = {39270ABC-867F-4BCF-BE8D-D93DEFF50858}
	EndGlobalSection
EndGlobal
